// !$*UTF8*$!
{
	archiveVersion = 1;
	classes = {
	};
	objectVersion = 56;
	objects = {

/* Begin PBXBuildFile section */
		FA61ECDF29EE818C0037D30E /* AppDelegate.swift in Sources */ = {isa = PBXBuildFile; fileRef = FA61ECDE29EE818C0037D30E /* AppDelegate.swift */; };
		FA61ECE129EE818C0037D30E /* SceneDelegate.swift in Sources */ = {isa = PBXBuildFile; fileRef = FA61ECE029EE818C0037D30E /* SceneDelegate.swift */; };
		FA61ECE329EE818C0037D30E /* HomeController.swift in Sources */ = {isa = PBXBuildFile; fileRef = FA61ECE229EE818C0037D30E /* HomeController.swift */; };
		FA61ECE829EE818E0037D30E /* Assets.xcassets in Resources */ = {isa = PBXBuildFile; fileRef = FA61ECE729EE818E0037D30E /* Assets.xcassets */; };
		FA61ECEB29EE818E0037D30E /* LaunchScreen.storyboard in Resources */ = {isa = PBXBuildFile; fileRef = FA61ECE929EE818E0037D30E /* LaunchScreen.storyboard */; };
		FA61ECFB29EE87470037D30E /* TabBarViewController.swift in Sources */ = {isa = PBXBuildFile; fileRef = FA61ECFA29EE87470037D30E /* TabBarViewController.swift */; };
		FA61ECFD29EE877A0037D30E /* SearchViewController.swift in Sources */ = {isa = PBXBuildFile; fileRef = FA61ECFC29EE877A0037D30E /* SearchViewController.swift */; };
		FA61ECFF29EE87AB0037D30E /* LibraryViewController.swift in Sources */ = {isa = PBXBuildFile; fileRef = FA61ECFE29EE87AB0037D30E /* LibraryViewController.swift */; };
		FA61ED0129EE87B40037D30E /* PlaylistsViewController.swift in Sources */ = {isa = PBXBuildFile; fileRef = FA61ED0029EE87B40037D30E /* PlaylistsViewController.swift */; };
		FA61ED0529EE88880037D30E /* AuthViewController.swift in Sources */ = {isa = PBXBuildFile; fileRef = FA61ED0429EE88880037D30E /* AuthViewController.swift */; };
		FA61ED0729EE88940037D30E /* WelcomeViewController.swift in Sources */ = {isa = PBXBuildFile; fileRef = FA61ED0629EE88940037D30E /* WelcomeViewController.swift */; };
		FA61ED0929EE889D0037D30E /* SettingsViewController.swift in Sources */ = {isa = PBXBuildFile; fileRef = FA61ED0829EE889D0037D30E /* SettingsViewController.swift */; };
		FA61ED0B29EE88AB0037D30E /* ProfileViewController.swift in Sources */ = {isa = PBXBuildFile; fileRef = FA61ED0A29EE88AB0037D30E /* ProfileViewController.swift */; };
		FA61ED0D29EE88B20037D30E /* PlayerViewController.swift in Sources */ = {isa = PBXBuildFile; fileRef = FA61ED0C29EE88B20037D30E /* PlayerViewController.swift */; };
		FA61ED0F29EE88D50037D30E /* SearchResultViewController.swift in Sources */ = {isa = PBXBuildFile; fileRef = FA61ED0E29EE88D50037D30E /* SearchResultViewController.swift */; };
		FA61ED1129EE8A080037D30E /* AuthManager.swift in Sources */ = {isa = PBXBuildFile; fileRef = FA61ED1029EE8A080037D30E /* AuthManager.swift */; };
		FA61ED1329EE8A1C0037D30E /* APICaller.swift in Sources */ = {isa = PBXBuildFile; fileRef = FA61ED1229EE8A1C0037D30E /* APICaller.swift */; };
		FA61ED1529EE8A280037D30E /* HapticsManager.swift in Sources */ = {isa = PBXBuildFile; fileRef = FA61ED1429EE8A280037D30E /* HapticsManager.swift */; };
		FA61ED1729EE8A5A0037D30E /* PlaylistModel.swift in Sources */ = {isa = PBXBuildFile; fileRef = FA61ED1629EE8A5A0037D30E /* PlaylistModel.swift */; };
		FA61ED1929EE8A650037D30E /* AudioTrackModel.swift in Sources */ = {isa = PBXBuildFile; fileRef = FA61ED1829EE8A650037D30E /* AudioTrackModel.swift */; };
		FA61ED1B29EE8A700037D30E /* ArtistModel.swift in Sources */ = {isa = PBXBuildFile; fileRef = FA61ED1A29EE8A700037D30E /* ArtistModel.swift */; };
		FA61ED1D29EE8A8C0037D30E /* UserProfileModel.swift in Sources */ = {isa = PBXBuildFile; fileRef = FA61ED1C29EE8A8C0037D30E /* UserProfileModel.swift */; };
		FA61ED1F29EEA9100037D30E /* Extensions.swift in Sources */ = {isa = PBXBuildFile; fileRef = FA61ED1E29EEA9100037D30E /* Extensions.swift */; };
		FA61ED2129EED35C0037D30E /* AuthResponse.swift in Sources */ = {isa = PBXBuildFile; fileRef = FA61ED2029EED35C0037D30E /* AuthResponse.swift */; };
/* End PBXBuildFile section */

/* Begin PBXFileReference section */
		FA61ECDB29EE818C0037D30E /* Spotify.app */ = {isa = PBXFileReference; explicitFileType = wrapper.application; includeInIndex = 0; path = Spotify.app; sourceTree = BUILT_PRODUCTS_DIR; };
		FA61ECDE29EE818C0037D30E /* AppDelegate.swift */ = {isa = PBXFileReference; lastKnownFileType = sourcecode.swift; path = AppDelegate.swift; sourceTree = "<group>"; };
		FA61ECE029EE818C0037D30E /* SceneDelegate.swift */ = {isa = PBXFileReference; lastKnownFileType = sourcecode.swift; path = SceneDelegate.swift; sourceTree = "<group>"; };
		FA61ECE229EE818C0037D30E /* HomeController.swift */ = {isa = PBXFileReference; lastKnownFileType = sourcecode.swift; path = HomeController.swift; sourceTree = "<group>"; };
		FA61ECE729EE818E0037D30E /* Assets.xcassets */ = {isa = PBXFileReference; lastKnownFileType = folder.assetcatalog; path = Assets.xcassets; sourceTree = "<group>"; };
		FA61ECEA29EE818E0037D30E /* Base */ = {isa = PBXFileReference; lastKnownFileType = file.storyboard; name = Base; path = Base.lproj/LaunchScreen.storyboard; sourceTree = "<group>"; };
		FA61ECEC29EE818E0037D30E /* Info.plist */ = {isa = PBXFileReference; lastKnownFileType = text.plist.xml; path = Info.plist; sourceTree = "<group>"; };
		FA61ECFA29EE87470037D30E /* TabBarViewController.swift */ = {isa = PBXFileReference; lastKnownFileType = sourcecode.swift; path = TabBarViewController.swift; sourceTree = "<group>"; };
		FA61ECFC29EE877A0037D30E /* SearchViewController.swift */ = {isa = PBXFileReference; lastKnownFileType = sourcecode.swift; path = SearchViewController.swift; sourceTree = "<group>"; };
		FA61ECFE29EE87AB0037D30E /* LibraryViewController.swift */ = {isa = PBXFileReference; lastKnownFileType = sourcecode.swift; path = LibraryViewController.swift; sourceTree = "<group>"; };
		FA61ED0029EE87B40037D30E /* PlaylistsViewController.swift */ = {isa = PBXFileReference; lastKnownFileType = sourcecode.swift; path = PlaylistsViewController.swift; sourceTree = "<group>"; };
		FA61ED0429EE88880037D30E /* AuthViewController.swift */ = {isa = PBXFileReference; lastKnownFileType = sourcecode.swift; path = AuthViewController.swift; sourceTree = "<group>"; };
		FA61ED0629EE88940037D30E /* WelcomeViewController.swift */ = {isa = PBXFileReference; lastKnownFileType = sourcecode.swift; path = WelcomeViewController.swift; sourceTree = "<group>"; };
		FA61ED0829EE889D0037D30E /* SettingsViewController.swift */ = {isa = PBXFileReference; lastKnownFileType = sourcecode.swift; path = SettingsViewController.swift; sourceTree = "<group>"; };
		FA61ED0A29EE88AB0037D30E /* ProfileViewController.swift */ = {isa = PBXFileReference; lastKnownFileType = sourcecode.swift; path = ProfileViewController.swift; sourceTree = "<group>"; };
		FA61ED0C29EE88B20037D30E /* PlayerViewController.swift */ = {isa = PBXFileReference; lastKnownFileType = sourcecode.swift; path = PlayerViewController.swift; sourceTree = "<group>"; };
		FA61ED0E29EE88D50037D30E /* SearchResultViewController.swift */ = {isa = PBXFileReference; lastKnownFileType = sourcecode.swift; path = SearchResultViewController.swift; sourceTree = "<group>"; };
		FA61ED1029EE8A080037D30E /* AuthManager.swift */ = {isa = PBXFileReference; lastKnownFileType = sourcecode.swift; path = AuthManager.swift; sourceTree = "<group>"; };
		FA61ED1229EE8A1C0037D30E /* APICaller.swift */ = {isa = PBXFileReference; lastKnownFileType = sourcecode.swift; path = APICaller.swift; sourceTree = "<group>"; };
		FA61ED1429EE8A280037D30E /* HapticsManager.swift */ = {isa = PBXFileReference; lastKnownFileType = sourcecode.swift; path = HapticsManager.swift; sourceTree = "<group>"; };
		FA61ED1629EE8A5A0037D30E /* PlaylistModel.swift */ = {isa = PBXFileReference; lastKnownFileType = sourcecode.swift; path = PlaylistModel.swift; sourceTree = "<group>"; };
		FA61ED1829EE8A650037D30E /* AudioTrackModel.swift */ = {isa = PBXFileReference; lastKnownFileType = sourcecode.swift; path = AudioTrackModel.swift; sourceTree = "<group>"; };
		FA61ED1A29EE8A700037D30E /* ArtistModel.swift */ = {isa = PBXFileReference; lastKnownFileType = sourcecode.swift; path = ArtistModel.swift; sourceTree = "<group>"; };
		FA61ED1C29EE8A8C0037D30E /* UserProfileModel.swift */ = {isa = PBXFileReference; lastKnownFileType = sourcecode.swift; path = UserProfileModel.swift; sourceTree = "<group>"; };
		FA61ED1E29EEA9100037D30E /* Extensions.swift */ = {isa = PBXFileReference; lastKnownFileType = sourcecode.swift; path = Extensions.swift; sourceTree = "<group>"; };
		FA61ED2029EED35C0037D30E /* AuthResponse.swift */ = {isa = PBXFileReference; lastKnownFileType = sourcecode.swift; path = AuthResponse.swift; sourceTree = "<group>"; };
/* End PBXFileReference section */

/* Begin PBXFrameworksBuildPhase section */
		FA61ECD829EE818C0037D30E /* Frameworks */ = {
			isa = PBXFrameworksBuildPhase;
			buildActionMask = 2147483647;
			files = (
			);
			runOnlyForDeploymentPostprocessing = 0;
		};
/* End PBXFrameworksBuildPhase section */

/* Begin PBXGroup section */
		FA61ECD229EE818C0037D30E = {
			isa = PBXGroup;
			children = (
				FA61ECDD29EE818C0037D30E /* Spotify */,
				FA61ECDC29EE818C0037D30E /* Products */,
			);
			sourceTree = "<group>";
		};
		FA61ECDC29EE818C0037D30E /* Products */ = {
			isa = PBXGroup;
			children = (
				FA61ECDB29EE818C0037D30E /* Spotify.app */,
			);
			name = Products;
			sourceTree = "<group>";
		};
		FA61ECDD29EE818C0037D30E /* Spotify */ = {
			isa = PBXGroup;
			children = (
				FA61ECF929EE82DC0037D30E /* Res */,
				FA61ECF829EE82C50037D30E /* Managers */,
				FA61ECF729EE82B90037D30E /* ViewModels */,
				FA61ECF629EE82B20037D30E /* Models */,
				FA61ECF529EE82AB0037D30E /* Controllers */,
				FA61ECF429EE829D0037D30E /* Views */,
				FA61ECEC29EE818E0037D30E /* Info.plist */,
			);
			path = Spotify;
			sourceTree = "<group>";
		};
		FA61ECF429EE829D0037D30E /* Views */ = {
			isa = PBXGroup;
			children = (
				FA61ECE929EE818E0037D30E /* LaunchScreen.storyboard */,
			);
			path = Views;
			sourceTree = "<group>";
		};
		FA61ECF529EE82AB0037D30E /* Controllers */ = {
			isa = PBXGroup;
			children = (
				FA61ED0229EE87FD0037D30E /* Core */,
				FA61ED0329EE88740037D30E /* Other */,
			);
			path = Controllers;
			sourceTree = "<group>";
		};
		FA61ECF629EE82B20037D30E /* Models */ = {
			isa = PBXGroup;
			children = (
				FA61ED1629EE8A5A0037D30E /* PlaylistModel.swift */,
				FA61ED1829EE8A650037D30E /* AudioTrackModel.swift */,
				FA61ED1A29EE8A700037D30E /* ArtistModel.swift */,
				FA61ED1C29EE8A8C0037D30E /* UserProfileModel.swift */,
				FA61ED2029EED35C0037D30E /* AuthResponse.swift */,
			);
			path = Models;
			sourceTree = "<group>";
		};
		FA61ECF729EE82B90037D30E /* ViewModels */ = {
			isa = PBXGroup;
			children = (
			);
			path = ViewModels;
			sourceTree = "<group>";
		};
		FA61ECF829EE82C50037D30E /* Managers */ = {
			isa = PBXGroup;
			children = (
				FA61ED1029EE8A080037D30E /* AuthManager.swift */,
				FA61ED1229EE8A1C0037D30E /* APICaller.swift */,
				FA61ED1429EE8A280037D30E /* HapticsManager.swift */,
			);
			path = Managers;
			sourceTree = "<group>";
		};
		FA61ECF929EE82DC0037D30E /* Res */ = {
			isa = PBXGroup;
			children = (
				FA61ECDE29EE818C0037D30E /* AppDelegate.swift */,
				FA61ECE029EE818C0037D30E /* SceneDelegate.swift */,
				FA61ECE729EE818E0037D30E /* Assets.xcassets */,
				FA61ED1E29EEA9100037D30E /* Extensions.swift */,
			);
			path = Res;
			sourceTree = "<group>";
		};
		FA61ED0229EE87FD0037D30E /* Core */ = {
			isa = PBXGroup;
			children = (
				FA61ECFA29EE87470037D30E /* TabBarViewController.swift */,
				FA61ECE229EE818C0037D30E /* HomeController.swift */,
				FA61ECFC29EE877A0037D30E /* SearchViewController.swift */,
				FA61ECFE29EE87AB0037D30E /* LibraryViewController.swift */,
			);
			path = Core;
			sourceTree = "<group>";
		};
		FA61ED0329EE88740037D30E /* Other */ = {
			isa = PBXGroup;
			children = (
				FA61ED0429EE88880037D30E /* AuthViewController.swift */,
				FA61ED0629EE88940037D30E /* WelcomeViewController.swift */,
				FA61ED0829EE889D0037D30E /* SettingsViewController.swift */,
				FA61ED0A29EE88AB0037D30E /* ProfileViewController.swift */,
				FA61ED0C29EE88B20037D30E /* PlayerViewController.swift */,
				FA61ED0029EE87B40037D30E /* PlaylistsViewController.swift */,
				FA61ED0E29EE88D50037D30E /* SearchResultViewController.swift */,
			);
			path = Other;
			sourceTree = "<group>";
		};
/* End PBXGroup section */

/* Begin PBXNativeTarget section */
		FA61ECDA29EE818C0037D30E /* Spotify */ = {
			isa = PBXNativeTarget;
			buildConfigurationList = FA61ECEF29EE818E0037D30E /* Build configuration list for PBXNativeTarget "Spotify" */;
			buildPhases = (
				FA61ECD729EE818C0037D30E /* Sources */,
				FA61ECD829EE818C0037D30E /* Frameworks */,
				FA61ECD929EE818C0037D30E /* Resources */,
			);
			buildRules = (
			);
			dependencies = (
			);
			name = Spotify;
			productName = Spotify;
			productReference = FA61ECDB29EE818C0037D30E /* Spotify.app */;
			productType = "com.apple.product-type.application";
		};
/* End PBXNativeTarget section */

/* Begin PBXProject section */
		FA61ECD329EE818C0037D30E /* Project object */ = {
			isa = PBXProject;
			attributes = {
				BuildIndependentTargetsInParallel = 1;
				LastSwiftUpdateCheck = 1430;
				LastUpgradeCheck = 1430;
				TargetAttributes = {
					FA61ECDA29EE818C0037D30E = {
						CreatedOnToolsVersion = 14.3;
					};
				};
			};
			buildConfigurationList = FA61ECD629EE818C0037D30E /* Build configuration list for PBXProject "Spotify" */;
			compatibilityVersion = "Xcode 14.0";
			developmentRegion = en;
			hasScannedForEncodings = 0;
			knownRegions = (
				en,
				Base,
			);
			mainGroup = FA61ECD229EE818C0037D30E;
			productRefGroup = FA61ECDC29EE818C0037D30E /* Products */;
			projectDirPath = "";
			projectRoot = "";
			targets = (
				FA61ECDA29EE818C0037D30E /* Spotify */,
			);
		};
/* End PBXProject section */

/* Begin PBXResourcesBuildPhase section */
		FA61ECD929EE818C0037D30E /* Resources */ = {
			isa = PBXResourcesBuildPhase;
			buildActionMask = 2147483647;
			files = (
				FA61ECEB29EE818E0037D30E /* LaunchScreen.storyboard in Resources */,
				FA61ECE829EE818E0037D30E /* Assets.xcassets in Resources */,
			);
			runOnlyForDeploymentPostprocessing = 0;
		};
/* End PBXResourcesBuildPhase section */

/* Begin PBXSourcesBuildPhase section */
		FA61ECD729EE818C0037D30E /* Sources */ = {
			isa = PBXSourcesBuildPhase;
			buildActionMask = 2147483647;
			files = (
				FA61ED0729EE88940037D30E /* WelcomeViewController.swift in Sources */,
				FA61ED1129EE8A080037D30E /* AuthManager.swift in Sources */,
				FA61ECFD29EE877A0037D30E /* SearchViewController.swift in Sources */,
				FA61ECFB29EE87470037D30E /* TabBarViewController.swift in Sources */,
				FA61ED0929EE889D0037D30E /* SettingsViewController.swift in Sources */,
				FA61ED0129EE87B40037D30E /* PlaylistsViewController.swift in Sources */,
				FA61ED1529EE8A280037D30E /* HapticsManager.swift in Sources */,
				FA61ED0D29EE88B20037D30E /* PlayerViewController.swift in Sources */,
				FA61ED2129EED35C0037D30E /* AuthResponse.swift in Sources */,
				FA61ECE329EE818C0037D30E /* HomeController.swift in Sources */,
				FA61ED0B29EE88AB0037D30E /* ProfileViewController.swift in Sources */,
				FA61ED1729EE8A5A0037D30E /* PlaylistModel.swift in Sources */,
				FA61ED0529EE88880037D30E /* AuthViewController.swift in Sources */,
				FA61ED1929EE8A650037D30E /* AudioTrackModel.swift in Sources */,
				FA61ED1F29EEA9100037D30E /* Extensions.swift in Sources */,
				FA61ECDF29EE818C0037D30E /* AppDelegate.swift in Sources */,
				FA61ED1D29EE8A8C0037D30E /* UserProfileModel.swift in Sources */,
				FA61ECFF29EE87AB0037D30E /* LibraryViewController.swift in Sources */,
				FA61ED0F29EE88D50037D30E /* SearchResultViewController.swift in Sources */,
				FA61ED1329EE8A1C0037D30E /* APICaller.swift in Sources */,
				FA61ECE129EE818C0037D30E /* SceneDelegate.swift in Sources */,
				FA61ED1B29EE8A700037D30E /* ArtistModel.swift in Sources */,
			);
			runOnlyForDeploymentPostprocessing = 0;
		};
/* End PBXSourcesBuildPhase section */

/* Begin PBXVariantGroup section */
		FA61ECE929EE818E0037D30E /* LaunchScreen.storyboard */ = {
			isa = PBXVariantGroup;
			children = (
				FA61ECEA29EE818E0037D30E /* Base */,
			);
			name = LaunchScreen.storyboard;
			sourceTree = "<group>";
		};
/* End PBXVariantGroup section */

/* Begin XCBuildConfiguration section */
		FA61ECED29EE818E0037D30E /* Debug */ = {
			isa = XCBuildConfiguration;
			buildSettings = {
				ALWAYS_SEARCH_USER_PATHS = NO;
				CLANG_ANALYZER_NONNULL = YES;
				CLANG_ANALYZER_NUMBER_OBJECT_CONVERSION = YES_AGGRESSIVE;
				CLANG_CXX_LANGUAGE_STANDARD = "gnu++20";
				CLANG_ENABLE_MODULES = YES;
				CLANG_ENABLE_OBJC_ARC = YES;
				CLANG_ENABLE_OBJC_WEAK = YES;
				CLANG_WARN_BLOCK_CAPTURE_AUTORELEASING = YES;
				CLANG_WARN_BOOL_CONVERSION = YES;
				CLANG_WARN_COMMA = YES;
				CLANG_WARN_CONSTANT_CONVERSION = YES;
				CLANG_WARN_DEPRECATED_OBJC_IMPLEMENTATIONS = YES;
				CLANG_WARN_DIRECT_OBJC_ISA_USAGE = YES_ERROR;
				CLANG_WARN_DOCUMENTATION_COMMENTS = YES;
				CLANG_WARN_EMPTY_BODY = YES;
				CLANG_WARN_ENUM_CONVERSION = YES;
				CLANG_WARN_INFINITE_RECURSION = YES;
				CLANG_WARN_INT_CONVERSION = YES;
				CLANG_WARN_NON_LITERAL_NULL_CONVERSION = YES;
				CLANG_WARN_OBJC_IMPLICIT_RETAIN_SELF = YES;
				CLANG_WARN_OBJC_LITERAL_CONVERSION = YES;
				CLANG_WARN_OBJC_ROOT_CLASS = YES_ERROR;
				CLANG_WARN_QUOTED_INCLUDE_IN_FRAMEWORK_HEADER = YES;
				CLANG_WARN_RANGE_LOOP_ANALYSIS = YES;
				CLANG_WARN_STRICT_PROTOTYPES = YES;
				CLANG_WARN_SUSPICIOUS_MOVE = YES;
				CLANG_WARN_UNGUARDED_AVAILABILITY = YES_AGGRESSIVE;
				CLANG_WARN_UNREACHABLE_CODE = YES;
				CLANG_WARN__DUPLICATE_METHOD_MATCH = YES;
				COPY_PHASE_STRIP = NO;
				DEBUG_INFORMATION_FORMAT = dwarf;
				ENABLE_STRICT_OBJC_MSGSEND = YES;
				ENABLE_TESTABILITY = YES;
				GCC_C_LANGUAGE_STANDARD = gnu11;
				GCC_DYNAMIC_NO_PIC = NO;
				GCC_NO_COMMON_BLOCKS = YES;
				GCC_OPTIMIZATION_LEVEL = 0;
				GCC_PREPROCESSOR_DEFINITIONS = (
					"DEBUG=1",
					"$(inherited)",
				);
				GCC_WARN_64_TO_32_BIT_CONVERSION = YES;
				GCC_WARN_ABOUT_RETURN_TYPE = YES_ERROR;
				GCC_WARN_UNDECLARED_SELECTOR = YES;
				GCC_WARN_UNINITIALIZED_AUTOS = YES_AGGRESSIVE;
				GCC_WARN_UNUSED_FUNCTION = YES;
				GCC_WARN_UNUSED_VARIABLE = YES;
				IPHONEOS_DEPLOYMENT_TARGET = 16.4;
				MTL_ENABLE_DEBUG_INFO = INCLUDE_SOURCE;
				MTL_FAST_MATH = YES;
				ONLY_ACTIVE_ARCH = YES;
				SDKROOT = iphoneos;
				SWIFT_ACTIVE_COMPILATION_CONDITIONS = DEBUG;
				SWIFT_OPTIMIZATION_LEVEL = "-Onone";
			};
			name = Debug;
		};
		FA61ECEE29EE818E0037D30E /* Release */ = {
			isa = XCBuildConfiguration;
			buildSettings = {
				ALWAYS_SEARCH_USER_PATHS = NO;
				CLANG_ANALYZER_NONNULL = YES;
				CLANG_ANALYZER_NUMBER_OBJECT_CONVERSION = YES_AGGRESSIVE;
				CLANG_CXX_LANGUAGE_STANDARD = "gnu++20";
				CLANG_ENABLE_MODULES = YES;
				CLANG_ENABLE_OBJC_ARC = YES;
				CLANG_ENABLE_OBJC_WEAK = YES;
				CLANG_WARN_BLOCK_CAPTURE_AUTORELEASING = YES;
				CLANG_WARN_BOOL_CONVERSION = YES;
				CLANG_WARN_COMMA = YES;
				CLANG_WARN_CONSTANT_CONVERSION = YES;
				CLANG_WARN_DEPRECATED_OBJC_IMPLEMENTATIONS = YES;
				CLANG_WARN_DIRECT_OBJC_ISA_USAGE = YES_ERROR;
				CLANG_WARN_DOCUMENTATION_COMMENTS = YES;
				CLANG_WARN_EMPTY_BODY = YES;
				CLANG_WARN_ENUM_CONVERSION = YES;
				CLANG_WARN_INFINITE_RECURSION = YES;
				CLANG_WARN_INT_CONVERSION = YES;
				CLANG_WARN_NON_LITERAL_NULL_CONVERSION = YES;
				CLANG_WARN_OBJC_IMPLICIT_RETAIN_SELF = YES;
				CLANG_WARN_OBJC_LITERAL_CONVERSION = YES;
				CLANG_WARN_OBJC_ROOT_CLASS = YES_ERROR;
				CLANG_WARN_QUOTED_INCLUDE_IN_FRAMEWORK_HEADER = YES;
				CLANG_WARN_RANGE_LOOP_ANALYSIS = YES;
				CLANG_WARN_STRICT_PROTOTYPES = YES;
				CLANG_WARN_SUSPICIOUS_MOVE = YES;
				CLANG_WARN_UNGUARDED_AVAILABILITY = YES_AGGRESSIVE;
				CLANG_WARN_UNREACHABLE_CODE = YES;
				CLANG_WARN__DUPLICATE_METHOD_MATCH = YES;
				COPY_PHASE_STRIP = NO;
				DEBUG_INFORMATION_FORMAT = "dwarf-with-dsym";
				ENABLE_NS_ASSERTIONS = NO;
				ENABLE_STRICT_OBJC_MSGSEND = YES;
				GCC_C_LANGUAGE_STANDARD = gnu11;
				GCC_NO_COMMON_BLOCKS = YES;
				GCC_WARN_64_TO_32_BIT_CONVERSION = YES;
				GCC_WARN_ABOUT_RETURN_TYPE = YES_ERROR;
				GCC_WARN_UNDECLARED_SELECTOR = YES;
				GCC_WARN_UNINITIALIZED_AUTOS = YES_AGGRESSIVE;
				GCC_WARN_UNUSED_FUNCTION = YES;
				GCC_WARN_UNUSED_VARIABLE = YES;
				IPHONEOS_DEPLOYMENT_TARGET = 16.4;
				MTL_ENABLE_DEBUG_INFO = NO;
				MTL_FAST_MATH = YES;
				SDKROOT = iphoneos;
				SWIFT_COMPILATION_MODE = wholemodule;
				SWIFT_OPTIMIZATION_LEVEL = "-O";
				VALIDATE_PRODUCT = YES;
			};
			name = Release;
		};
		FA61ECF029EE818E0037D30E /* Debug */ = {
			isa = XCBuildConfiguration;
			buildSettings = {
				ASSETCATALOG_COMPILER_APPICON_NAME = AppIcon;
				ASSETCATALOG_COMPILER_GLOBAL_ACCENT_COLOR_NAME = AccentColor;
				CODE_SIGN_STYLE = Automatic;
				CURRENT_PROJECT_VERSION = 1;
				DEVELOPMENT_TEAM = 9NZ4Q585K9;
				GENERATE_INFOPLIST_FILE = YES;
				INFOPLIST_FILE = Spotify/Info.plist;
				INFOPLIST_KEY_LSApplicationCategoryType = "public.app-category.music";
				INFOPLIST_KEY_UIApplicationSupportsIndirectInputEvents = YES;
				INFOPLIST_KEY_UILaunchStoryboardName = LaunchScreen;
				INFOPLIST_KEY_UISupportedInterfaceOrientations_iPad = "UIInterfaceOrientationPortrait UIInterfaceOrientationPortraitUpsideDown UIInterfaceOrientationLandscapeLeft UIInterfaceOrientationLandscapeRight";
				INFOPLIST_KEY_UISupportedInterfaceOrientations_iPhone = "UIInterfaceOrientationPortrait UIInterfaceOrientationLandscapeLeft UIInterfaceOrientationLandscapeRight";
				LD_RUNPATH_SEARCH_PATHS = (
					"$(inherited)",
					"@executable_path/Frameworks",
				);
				MARKETING_VERSION = 1.0;
				PRODUCT_BUNDLE_IDENTIFIER = com.alexandru.meta.Spotify;
				PRODUCT_NAME = "$(TARGET_NAME)";
				SUPPORTED_PLATFORMS = "iphoneos iphonesimulator";
				SUPPORTS_MACCATALYST = NO;
				SUPPORTS_MAC_DESIGNED_FOR_IPHONE_IPAD = NO;
				SWIFT_EMIT_LOC_STRINGS = YES;
				SWIFT_VERSION = 5.0;
				TARGETED_DEVICE_FAMILY = "1,2";
			};
			name = Debug;
		};
		FA61ECF129EE818E0037D30E /* Release */ = {
			isa = XCBuildConfiguration;
			buildSettings = {
				ASSETCATALOG_COMPILER_APPICON_NAME = AppIcon;
				ASSETCATALOG_COMPILER_GLOBAL_ACCENT_COLOR_NAME = AccentColor;
				CODE_SIGN_STYLE = Automatic;
				CURRENT_PROJECT_VERSION = 1;
				DEVELOPMENT_TEAM = 9NZ4Q585K9;
				GENERATE_INFOPLIST_FILE = YES;
				INFOPLIST_FILE = Spotify/Info.plist;
				INFOPLIST_KEY_LSApplicationCategoryType = "public.app-category.music";
				INFOPLIST_KEY_UIApplicationSupportsIndirectInputEvents = YES;
				INFOPLIST_KEY_UILaunchStoryboardName = LaunchScreen;
				INFOPLIST_KEY_UISupportedInterfaceOrientations_iPad = "UIInterfaceOrientationPortrait UIInterfaceOrientationPortraitUpsideDown UIInterfaceOrientationLandscapeLeft UIInterfaceOrientationLandscapeRight";
				INFOPLIST_KEY_UISupportedInterfaceOrientations_iPhone = "UIInterfaceOrientationPortrait UIInterfaceOrientationLandscapeLeft UIInterfaceOrientationLandscapeRight";
				LD_RUNPATH_SEARCH_PATHS = (
					"$(inherited)",
					"@executable_path/Frameworks",
				);
				MARKETING_VERSION = 1.0;
				PRODUCT_BUNDLE_IDENTIFIER = com.alexandru.meta.Spotify;
				PRODUCT_NAME = "$(TARGET_NAME)";
				SUPPORTED_PLATFORMS = "iphoneos iphonesimulator";
				SUPPORTS_MACCATALYST = NO;
				SUPPORTS_MAC_DESIGNED_FOR_IPHONE_IPAD = NO;
				SWIFT_EMIT_LOC_STRINGS = YES;
				SWIFT_VERSION = 5.0;
				TARGETED_DEVICE_FAMILY = "1,2";
			};
			name = Release;
		};
/* End XCBuildConfiguration section */

/* Begin XCConfigurationList section */
		FA61ECD629EE818C0037D30E /* Build configuration list for PBXProject "Spotify" */ = {
			isa = XCConfigurationList;
			buildConfigurations = (
				FA61ECED29EE818E0037D30E /* Debug */,
				FA61ECEE29EE818E0037D30E /* Release */,
			);
			defaultConfigurationIsVisible = 0;
			defaultConfigurationName = Release;
		};
		FA61ECEF29EE818E0037D30E /* Build configuration list for PBXNativeTarget "Spotify" */ = {
			isa = XCConfigurationList;
			buildConfigurations = (
				FA61ECF029EE818E0037D30E /* Debug */,
				FA61ECF129EE818E0037D30E /* Release */,
			);
			defaultConfigurationIsVisible = 0;
			defaultConfigurationName = Release;
		};
/* End XCConfigurationList section */
	};
	rootObject = FA61ECD329EE818C0037D30E /* Project object */;
}
